
Microsoft Visual Studio Solution File, Format Version 12.00
# Visual Studio Version 17
VisualStudioVersion = 17.13.35825.156 d17.13
MinimumVisualStudioVersion = 10.0.40219.1
Project("{FAE04EC0-301F-11D3-BF4B-00C04F79EFBC}") = "DekaMovie", "src/DekaMovie.csproj", "{8E6C9E3E-0903-EA4B-5203-720045BA074E}"
EndProject
Global
	GlobalSection(SolutionConfigurationPlatforms) = preSolution
		Debug|Any CPU = Debug|Any CPU
		Release|Any CPU = Release|Any CPU
	EndGlobalSection
	GlobalSection(ProjectConfigurationPlatforms) = postSolution
		{8E6C9E3E-0903-EA4B-5203-720045BA074E}.Debug|Any CPU.ActiveCfg = Debug|Any CPU
		{8E6C9E3E-0903-EA4B-5203-720045BA074E}.Debug|Any CPU.Build.0 = Debug|Any CPU
		{8E6C9E3E-0903-EA4B-5203-720045BA074E}.Debug|Any CPU.Deploy.0 = Debug|Any CPU
		{8E6C9E3E-0903-EA4B-5203-720045BA074E}.Release|Any CPU.ActiveCfg = Release|Any CPU
		{8E6C9E3E-0903-EA4B-5203-720045BA074E}.Release|Any CPU.Build.0 = Release|Any CPU
	EndGlobalSection
	GlobalSection(SolutionProperties) = preSolution
		HideSolutionNode = FALSE
	EndGlobalSection
	GlobalSection(ExtensibilityGlobals) = postSolution
		SolutionGuid = {990F60D3-E488-49EA-B40D-F51BCF485A98}
	EndGlobalSection
EndGlobal
